
Microsoft Visual Studio Solution File, Format Version 12.00
# Visual Studio 15
VisualStudioVersion = 15.0.28307.757
MinimumVisualStudioVersion = 10.0.40219.1
Project("{FAE04EC0-301F-11D3-BF4B-00C04F79EFBC}") = "Mars_rover", "Mars_rover\Mars_rover.csproj", "{ED740208-C0CA-4080-9560-0B1673618D39}"
EndProject
Project("{FAE04EC0-301F-11D3-BF4B-00C04F79EFBC}") = "Mars_rover.test", "Mars_rover.test\Mars_rover.test.csproj", "{B06D09D8-7861-46E7-95E4-0AE3F29CD647}"
EndProject
Global
	GlobalSection(SolutionConfigurationPlatforms) = preSolution
		Debug|Any CPU = Debug|Any CPU
		Release|Any CPU = Release|Any CPU
	EndGlobalSection
	GlobalSection(ProjectConfigurationPlatforms) = postSolution
		{ED740208-C0CA-4080-9560-0B1673618D39}.Debug|Any CPU.ActiveCfg = Debug|Any CPU
		{ED740208-C0CA-4080-9560-0B1673618D39}.Debug|Any CPU.Build.0 = Debug|Any CPU
		{ED740208-C0CA-4080-9560-0B1673618D39}.Release|Any CPU.ActiveCfg = Release|Any CPU
		{ED740208-C0CA-4080-9560-0B1673618D39}.Release|Any CPU.Build.0 = Release|Any CPU
		{B06D09D8-7861-46E7-95E4-0AE3F29CD647}.Debug|Any CPU.ActiveCfg = Debug|Any CPU
		{B06D09D8-7861-46E7-95E4-0AE3F29CD647}.Debug|Any CPU.Build.0 = Debug|Any CPU
		{B06D09D8-7861-46E7-95E4-0AE3F29CD647}.Release|Any CPU.ActiveCfg = Release|Any CPU
		{B06D09D8-7861-46E7-95E4-0AE3F29CD647}.Release|Any CPU.Build.0 = Release|Any CPU
	EndGlobalSection
	GlobalSection(SolutionProperties) = preSolution
		HideSolutionNode = FALSE
	EndGlobalSection
	GlobalSection(ExtensibilityGlobals) = postSolution
		SolutionGuid = {F72CFD30-E649-4480-BB10-93B889F66680}
	EndGlobalSection
EndGlobal
